// !$*UTF8*$!
{
	archiveVersion = 1;
	classes = {
	};
	objectVersion = 46;
	objects = {

/* Begin PBXBuildFile section */
		BA0BF4DF1BDCCEE80020BBF5 /* AppDelegate.swift in Sources */ = {isa = PBXBuildFile; fileRef = BA0BF4DE1BDCCEE80020BBF5 /* AppDelegate.swift */; };
		BA0BF4E11BDCCEE80020BBF5 /* ViewController.swift in Sources */ = {isa = PBXBuildFile; fileRef = BA0BF4E01BDCCEE80020BBF5 /* ViewController.swift */; };
		BA0BF4E41BDCCEE80020BBF5 /* Main.storyboard in Resources */ = {isa = PBXBuildFile; fileRef = BA0BF4E21BDCCEE80020BBF5 /* Main.storyboard */; };
		BA0BF4E61BDCCEE80020BBF5 /* Assets.xcassets in Resources */ = {isa = PBXBuildFile; fileRef = BA0BF4E51BDCCEE80020BBF5 /* Assets.xcassets */; };
		BA0BF4E91BDCCEE80020BBF5 /* LaunchScreen.storyboard in Resources */ = {isa = PBXBuildFile; fileRef = BA0BF4E71BDCCEE80020BBF5 /* LaunchScreen.storyboard */; };
		BA0BF4F41BDCCEE90020BBF5 /* ExpandTableViewSampleTests.swift in Sources */ = {isa = PBXBuildFile; fileRef = BA0BF4F31BDCCEE90020BBF5 /* ExpandTableViewSampleTests.swift */; };
		BA0BF4FF1BDCCEE90020BBF5 /* ExpandTableViewSampleUITests.swift in Sources */ = {isa = PBXBuildFile; fileRef = BA0BF4FE1BDCCEE90020BBF5 /* ExpandTableViewSampleUITests.swift */; };
		BA0BF50D1BDCEE470020BBF5 /* CustomHeaderFooterView.swift in Sources */ = {isa = PBXBuildFile; fileRef = BA0BF50C1BDCEE470020BBF5 /* CustomHeaderFooterView.swift */; settings = {ASSET_TAGS = (); }; };
/* End PBXBuildFile section */

/* Begin PBXContainerItemProxy section */
		BA0BF4F01BDCCEE90020BBF5 /* PBXContainerItemProxy */ = {
			isa = PBXContainerItemProxy;
			containerPortal = BA0BF4D31BDCCEE80020BBF5 /* Project object */;
			proxyType = 1;
			remoteGlobalIDString = BA0BF4DA1BDCCEE80020BBF5;
			remoteInfo = ExpandTableViewSample;
		};
		BA0BF4FB1BDCCEE90020BBF5 /* PBXContainerItemProxy */ = {
			isa = PBXContainerItemProxy;
			containerPortal = BA0BF4D31BDCCEE80020BBF5 /* Project object */;
			proxyType = 1;
			remoteGlobalIDString = BA0BF4DA1BDCCEE80020BBF5;
			remoteInfo = ExpandTableViewSample;
		};
/* End PBXContainerItemProxy section */

/* Begin PBXFileReference section */
		BA0BF4DB1BDCCEE80020BBF5 /* ExpandTableViewSample.app */ = {isa = PBXFileReference; explicitFileType = wrapper.application; includeInIndex = 0; path = ExpandTableViewSample.app; sourceTree = BUILT_PRODUCTS_DIR; };
		BA0BF4DE1BDCCEE80020BBF5 /* AppDelegate.swift */ = {isa = PBXFileReference; lastKnownFileType = sourcecode.swift; path = AppDelegate.swift; sourceTree = "<group>"; };
		BA0BF4E01BDCCEE80020BBF5 /* ViewController.swift */ = {isa = PBXFileReference; lastKnownFileType = sourcecode.swift; path = ViewController.swift; sourceTree = "<group>"; };
		BA0BF4E31BDCCEE80020BBF5 /* Base */ = {isa = PBXFileReference; lastKnownFileType = file.storyboard; name = Base; path = Base.lproj/Main.storyboard; sourceTree = "<group>"; };
		BA0BF4E51BDCCEE80020BBF5 /* Assets.xcassets */ = {isa = PBXFileReference; lastKnownFileType = folder.assetcatalog; path = Assets.xcassets; sourceTree = "<group>"; };
		BA0BF4E81BDCCEE80020BBF5 /* Base */ = {isa = PBXFileReference; lastKnownFileType = file.storyboard; name = Base; path = Base.lproj/LaunchScreen.storyboard; sourceTree = "<group>"; };
		BA0BF4EA1BDCCEE80020BBF5 /* Info.plist */ = {isa = PBXFileReference; lastKnownFileType = text.plist.xml; path = Info.plist; sourceTree = "<group>"; };
		BA0BF4EF1BDCCEE90020BBF5 /* ExpandTableViewSampleTests.xctest */ = {isa = PBXFileReference; explicitFileType = wrapper.cfbundle; includeInIndex = 0; path = ExpandTableViewSampleTests.xctest; sourceTree = BUILT_PRODUCTS_DIR; };
		BA0BF4F31BDCCEE90020BBF5 /* ExpandTableViewSampleTests.swift */ = {isa = PBXFileReference; lastKnownFileType = sourcecode.swift; path = ExpandTableViewSampleTests.swift; sourceTree = "<group>"; };
		BA0BF4F51BDCCEE90020BBF5 /* Info.plist */ = {isa = PBXFileReference; lastKnownFileType = text.plist.xml; path = Info.plist; sourceTree = "<group>"; };
		BA0BF4FA1BDCCEE90020BBF5 /* ExpandTableViewSampleUITests.xctest */ = {isa = PBXFileReference; explicitFileType = wrapper.cfbundle; includeInIndex = 0; path = ExpandTableViewSampleUITests.xctest; sourceTree = BUILT_PRODUCTS_DIR; };
		BA0BF4FE1BDCCEE90020BBF5 /* ExpandTableViewSampleUITests.swift */ = {isa = PBXFileReference; lastKnownFileType = sourcecode.swift; path = ExpandTableViewSampleUITests.swift; sourceTree = "<group>"; };
		BA0BF5001BDCCEE90020BBF5 /* Info.plist */ = {isa = PBXFileReference; lastKnownFileType = text.plist.xml; path = Info.plist; sourceTree = "<group>"; };
		BA0BF50C1BDCEE470020BBF5 /* CustomHeaderFooterView.swift */ = {isa = PBXFileReference; fileEncoding = 4; lastKnownFileType = sourcecode.swift; path = CustomHeaderFooterView.swift; sourceTree = "<group>"; };
/* End PBXFileReference section */

/* Begin PBXFrameworksBuildPhase section */
		BA0BF4D81BDCCEE80020BBF5 /* Frameworks */ = {
			isa = PBXFrameworksBuildPhase;
			buildActionMask = 2147483647;
			files = (
			);
			runOnlyForDeploymentPostprocessing = 0;
		};
		BA0BF4EC1BDCCEE90020BBF5 /* Frameworks */ = {
			isa = PBXFrameworksBuildPhase;
			buildActionMask = 2147483647;
			files = (
			);
			runOnlyForDeploymentPostprocessing = 0;
		};
		BA0BF4F71BDCCEE90020BBF5 /* Frameworks */ = {
			isa = PBXFrameworksBuildPhase;
			buildActionMask = 2147483647;
			files = (
			);
			runOnlyForDeploymentPostprocessing = 0;
		};
/* End PBXFrameworksBuildPhase section */

/* Begin PBXGroup section */
		BA0BF4D21BDCCEE80020BBF5 = {
			isa = PBXGroup;
			children = (
				BA0BF4DD1BDCCEE80020BBF5 /* ExpandTableViewSample */,
				BA0BF4F21BDCCEE90020BBF5 /* ExpandTableViewSampleTests */,
				BA0BF4FD1BDCCEE90020BBF5 /* ExpandTableViewSampleUITests */,
				BA0BF4DC1BDCCEE80020BBF5 /* Products */,
			);
			sourceTree = "<group>";
		};
		BA0BF4DC1BDCCEE80020BBF5 /* Products */ = {
			isa = PBXGroup;
			children = (
				BA0BF4DB1BDCCEE80020BBF5 /* ExpandTableViewSample.app */,
				BA0BF4EF1BDCCEE90020BBF5 /* ExpandTableViewSampleTests.xctest */,
				BA0BF4FA1BDCCEE90020BBF5 /* ExpandTableViewSampleUITests.xctest */,
			);
			name = Products;
			sourceTree = "<group>";
		};
		BA0BF4DD1BDCCEE80020BBF5 /* ExpandTableViewSample */ = {
			isa = PBXGroup;
			children = (
				BA0BF4DE1BDCCEE80020BBF5 /* AppDelegate.swift */,
				BA0BF4E01BDCCEE80020BBF5 /* ViewController.swift */,
				BA0BF50C1BDCEE470020BBF5 /* CustomHeaderFooterView.swift */,
				BA0BF4E21BDCCEE80020BBF5 /* Main.storyboard */,
				BA0BF4E51BDCCEE80020BBF5 /* Assets.xcassets */,
				BA0BF4E71BDCCEE80020BBF5 /* LaunchScreen.storyboard */,
				BA0BF4EA1BDCCEE80020BBF5 /* Info.plist */,
			);
			path = ExpandTableViewSample;
			sourceTree = "<group>";
		};
		BA0BF4F21BDCCEE90020BBF5 /* ExpandTableViewSampleTests */ = {
			isa = PBXGroup;
			children = (
				BA0BF4F31BDCCEE90020BBF5 /* ExpandTableViewSampleTests.swift */,
				BA0BF4F51BDCCEE90020BBF5 /* Info.plist */,
			);
			path = ExpandTableViewSampleTests;
			sourceTree = "<group>";
		};
		BA0BF4FD1BDCCEE90020BBF5 /* ExpandTableViewSampleUITests */ = {
			isa = PBXGroup;
			children = (
				BA0BF4FE1BDCCEE90020BBF5 /* ExpandTableViewSampleUITests.swift */,
				BA0BF5001BDCCEE90020BBF5 /* Info.plist */,
			);
			path = ExpandTableViewSampleUITests;
			sourceTree = "<group>";
		};
/* End PBXGroup section */

/* Begin PBXNativeTarget section */
		BA0BF4DA1BDCCEE80020BBF5 /* ExpandTableViewSample */ = {
			isa = PBXNativeTarget;
			buildConfigurationList = BA0BF5031BDCCEE90020BBF5 /* Build configuration list for PBXNativeTarget "ExpandTableViewSample" */;
			buildPhases = (
				BA0BF4D71BDCCEE80020BBF5 /* Sources */,
				BA0BF4D81BDCCEE80020BBF5 /* Frameworks */,
				BA0BF4D91BDCCEE80020BBF5 /* Resources */,
			);
			buildRules = (
			);
			dependencies = (
			);
			name = ExpandTableViewSample;
			productName = ExpandTableViewSample;
			productReference = BA0BF4DB1BDCCEE80020BBF5 /* ExpandTableViewSample.app */;
			productType = "com.apple.product-type.application";
		};
		BA0BF4EE1BDCCEE90020BBF5 /* ExpandTableViewSampleTests */ = {
			isa = PBXNativeTarget;
			buildConfigurationList = BA0BF5061BDCCEE90020BBF5 /* Build configuration list for PBXNativeTarget "ExpandTableViewSampleTests" */;
			buildPhases = (
				BA0BF4EB1BDCCEE90020BBF5 /* Sources */,
				BA0BF4EC1BDCCEE90020BBF5 /* Frameworks */,
				BA0BF4ED1BDCCEE90020BBF5 /* Resources */,
			);
			buildRules = (
			);
			dependencies = (
				BA0BF4F11BDCCEE90020BBF5 /* PBXTargetDependency */,
			);
			name = ExpandTableViewSampleTests;
			productName = ExpandTableViewSampleTests;
			productReference = BA0BF4EF1BDCCEE90020BBF5 /* ExpandTableViewSampleTests.xctest */;
			productType = "com.apple.product-type.bundle.unit-test";
		};
		BA0BF4F91BDCCEE90020BBF5 /* ExpandTableViewSampleUITests */ = {
			isa = PBXNativeTarget;
			buildConfigurationList = BA0BF5091BDCCEE90020BBF5 /* Build configuration list for PBXNativeTarget "ExpandTableViewSampleUITests" */;
			buildPhases = (
				BA0BF4F61BDCCEE90020BBF5 /* Sources */,
				BA0BF4F71BDCCEE90020BBF5 /* Frameworks */,
				BA0BF4F81BDCCEE90020BBF5 /* Resources */,
			);
			buildRules = (
			);
			dependencies = (
				BA0BF4FC1BDCCEE90020BBF5 /* PBXTargetDependency */,
			);
			name = ExpandTableViewSampleUITests;
			productName = ExpandTableViewSampleUITests;
			productReference = BA0BF4FA1BDCCEE90020BBF5 /* ExpandTableViewSampleUITests.xctest */;
			productType = "com.apple.product-type.bundle.ui-testing";
		};
/* End PBXNativeTarget section */

/* Begin PBXProject section */
		BA0BF4D31BDCCEE80020BBF5 /* Project object */ = {
			isa = PBXProject;
			attributes = {
				LastUpgradeCheck = 0700;
				ORGANIZATIONNAME = itvirtuoso;
				TargetAttributes = {
					BA0BF4DA1BDCCEE80020BBF5 = {
						CreatedOnToolsVersion = 7.0.1;
						DevelopmentTeam = 6F2FKWPMAX;
					};
					BA0BF4EE1BDCCEE90020BBF5 = {
						CreatedOnToolsVersion = 7.0.1;
						DevelopmentTeam = 6F2FKWPMAX;
						TestTargetID = BA0BF4DA1BDCCEE80020BBF5;
					};
					BA0BF4F91BDCCEE90020BBF5 = {
						CreatedOnToolsVersion = 7.0.1;
						DevelopmentTeam = 6F2FKWPMAX;
						TestTargetID = BA0BF4DA1BDCCEE80020BBF5;
					};
				};
			};
			buildConfigurationList = BA0BF4D61BDCCEE80020BBF5 /* Build configuration list for PBXProject "ExpandTableViewSample" */;
			compatibilityVersion = "Xcode 3.2";
			developmentRegion = English;
			hasScannedForEncodings = 0;
			knownRegions = (
				en,
				Base,
			);
			mainGroup = BA0BF4D21BDCCEE80020BBF5;
			productRefGroup = BA0BF4DC1BDCCEE80020BBF5 /* Products */;
			projectDirPath = "";
			projectRoot = "";
			targets = (
				BA0BF4DA1BDCCEE80020BBF5 /* ExpandTableViewSample */,
				BA0BF4EE1BDCCEE90020BBF5 /* ExpandTableViewSampleTests */,
				BA0BF4F91BDCCEE90020BBF5 /* ExpandTableViewSampleUITests */,
			);
		};
/* End PBXProject section */

/* Begin PBXResourcesBuildPhase section */
		BA0BF4D91BDCCEE80020BBF5 /* Resources */ = {
			isa = PBXResourcesBuildPhase;
			buildActionMask = 2147483647;
			files = (
				BA0BF4E91BDCCEE80020BBF5 /* LaunchScreen.storyboard in Resources */,
				BA0BF4E61BDCCEE80020BBF5 /* Assets.xcassets in Resources */,
				BA0BF4E41BDCCEE80020BBF5 /* Main.storyboard in Resources */,
			);
			runOnlyForDeploymentPostprocessing = 0;
		};
		BA0BF4ED1BDCCEE90020BBF5 /* Resources */ = {
			isa = PBXResourcesBuildPhase;
			buildActionMask = 2147483647;
			files = (
			);
			runOnlyForDeploymentPostprocessing = 0;
		};
		BA0BF4F81BDCCEE90020BBF5 /* Resources */ = {
			isa = PBXResourcesBuildPhase;
			buildActionMask = 2147483647;
			files = (
			);
			runOnlyForDeploymentPostprocessing = 0;
		};
/* End PBXResourcesBuildPhase section */

/* Begin PBXSourcesBuildPhase section */
		BA0BF4D71BDCCEE80020BBF5 /* Sources */ = {
			isa = PBXSourcesBuildPhase;
			buildActionMask = 2147483647;
			files = (
				BA0BF50D1BDCEE470020BBF5 /* CustomHeaderFooterView.swift in Sources */,
				BA0BF4E11BDCCEE80020BBF5 /* ViewController.swift in Sources */,
				BA0BF4DF1BDCCEE80020BBF5 /* AppDelegate.swift in Sources */,
			);
			runOnlyForDeploymentPostprocessing = 0;
		};
		BA0BF4EB1BDCCEE90020BBF5 /* Sources */ = {
			isa = PBXSourcesBuildPhase;
			buildActionMask = 2147483647;
			files = (
				BA0BF4F41BDCCEE90020BBF5 /* ExpandTableViewSampleTests.swift in Sources */,
			);
			runOnlyForDeploymentPostprocessing = 0;
		};
		BA0BF4F61BDCCEE90020BBF5 /* Sources */ = {
			isa = PBXSourcesBuildPhase;
			buildActionMask = 2147483647;
			files = (
				BA0BF4FF1BDCCEE90020BBF5 /* ExpandTableViewSampleUITests.swift in Sources */,
			);
			runOnlyForDeploymentPostprocessing = 0;
		};
/* End PBXSourcesBuildPhase section */

/* Begin PBXTargetDependency section */
		BA0BF4F11BDCCEE90020BBF5 /* PBXTargetDependency */ = {
			isa = PBXTargetDependency;
			target = BA0BF4DA1BDCCEE80020BBF5 /* ExpandTableViewSample */;
			targetProxy = BA0BF4F01BDCCEE90020BBF5 /* PBXContainerItemProxy */;
		};
		BA0BF4FC1BDCCEE90020BBF5 /* PBXTargetDependency */ = {
			isa = PBXTargetDependency;
			target = BA0BF4DA1BDCCEE80020BBF5 /* ExpandTableViewSample */;
			targetProxy = BA0BF4FB1BDCCEE90020BBF5 /* PBXContainerItemProxy */;
		};
/* End PBXTargetDependency section */

/* Begin PBXVariantGroup section */
		BA0BF4E21BDCCEE80020BBF5 /* Main.storyboard */ = {
			isa = PBXVariantGroup;
			children = (
				BA0BF4E31BDCCEE80020BBF5 /* Base */,
			);
			name = Main.storyboard;
			sourceTree = "<group>";
		};
		BA0BF4E71BDCCEE80020BBF5 /* LaunchScreen.storyboard */ = {
			isa = PBXVariantGroup;
			children = (
				BA0BF4E81BDCCEE80020BBF5 /* Base */,
			);
			name = LaunchScreen.storyboard;
			sourceTree = "<group>";
		};
/* End PBXVariantGroup section */

/* Begin XCBuildConfiguration section */
		BA0BF5011BDCCEE90020BBF5 /* Debug */ = {
			isa = XCBuildConfiguration;
			buildSettings = {
				ALWAYS_SEARCH_USER_PATHS = NO;
				CLANG_CXX_LANGUAGE_STANDARD = "gnu++0x";
				CLANG_CXX_LIBRARY = "libc++";
				CLANG_ENABLE_MODULES = YES;
				CLANG_ENABLE_OBJC_ARC = YES;
				CLANG_WARN_BOOL_CONVERSION = YES;
				CLANG_WARN_CONSTANT_CONVERSION = YES;
				CLANG_WARN_DIRECT_OBJC_ISA_USAGE = YES_ERROR;
				CLANG_WARN_EMPTY_BODY = YES;
				CLANG_WARN_ENUM_CONVERSION = YES;
				CLANG_WARN_INT_CONVERSION = YES;
				CLANG_WARN_OBJC_ROOT_CLASS = YES_ERROR;
				CLANG_WARN_UNREACHABLE_CODE = YES;
				CLANG_WARN__DUPLICATE_METHOD_MATCH = YES;
				"CODE_SIGN_IDENTITY[sdk=iphoneos*]" = "iPhone Developer";
				COPY_PHASE_STRIP = NO;
				DEBUG_INFORMATION_FORMAT = dwarf;
				ENABLE_STRICT_OBJC_MSGSEND = YES;
				ENABLE_TESTABILITY = YES;
				GCC_C_LANGUAGE_STANDARD = gnu99;
				GCC_DYNAMIC_NO_PIC = NO;
				GCC_NO_COMMON_BLOCKS = YES;
				GCC_OPTIMIZATION_LEVEL = 0;
				GCC_PREPROCESSOR_DEFINITIONS = (
					"DEBUG=1",
					"$(inherited)",
				);
				GCC_WARN_64_TO_32_BIT_CONVERSION = YES;
				GCC_WARN_ABOUT_RETURN_TYPE = YES_ERROR;
				GCC_WARN_UNDECLARED_SELECTOR = YES;
				GCC_WARN_UNINITIALIZED_AUTOS = YES_AGGRESSIVE;
				GCC_WARN_UNUSED_FUNCTION = YES;
				GCC_WARN_UNUSED_VARIABLE = YES;
				IPHONEOS_DEPLOYMENT_TARGET = 7.0;
				MTL_ENABLE_DEBUG_INFO = YES;
				ONLY_ACTIVE_ARCH = YES;
				SDKROOT = iphoneos;
				SWIFT_OPTIMIZATION_LEVEL = "-Onone";
				TARGETED_DEVICE_FAMILY = "1,2";
			};
			name = Debug;
		};
		BA0BF5021BDCCEE90020BBF5 /* Release */ = {
			isa = XCBuildConfiguration;
			buildSettings = {
				ALWAYS_SEARCH_USER_PATHS = NO;
				CLANG_CXX_LANGUAGE_STANDARD = "gnu++0x";
				CLANG_CXX_LIBRARY = "libc++";
				CLANG_ENABLE_MODULES = YES;
				CLANG_ENABLE_OBJC_ARC = YES;
				CLANG_WARN_BOOL_CONVERSION = YES;
				CLANG_WARN_CONSTANT_CONVERSION = YES;
				CLANG_WARN_DIRECT_OBJC_ISA_USAGE = YES_ERROR;
				CLANG_WARN_EMPTY_BODY = YES;
				CLANG_WARN_ENUM_CONVERSION = YES;
				CLANG_WARN_INT_CONVERSION = YES;
				CLANG_WARN_OBJC_ROOT_CLASS = YES_ERROR;
				CLANG_WARN_UNREACHABLE_CODE = YES;
				CLANG_WARN__DUPLICATE_METHOD_MATCH = YES;
				"CODE_SIGN_IDENTITY[sdk=iphoneos*]" = "iPhone Developer";
				COPY_PHASE_STRIP = NO;
				DEBUG_INFORMATION_FORMAT = "dwarf-with-dsym";
				ENABLE_NS_ASSERTIONS = NO;
				ENABLE_STRICT_OBJC_MSGSEND = YES;
				GCC_C_LANGUAGE_STANDARD = gnu99;
				GCC_NO_COMMON_BLOCKS = YES;
				GCC_WARN_64_TO_32_BIT_CONVERSION = YES;
				GCC_WARN_ABOUT_RETURN_TYPE = YES_ERROR;
				GCC_WARN_UNDECLARED_SELECTOR = YES;
				GCC_WARN_UNINITIALIZED_AUTOS = YES_AGGRESSIVE;
				GCC_WARN_UNUSED_FUNCTION = YES;
				GCC_WARN_UNUSED_VARIABLE = YES;
				IPHONEOS_DEPLOYMENT_TARGET = 7.0;
				MTL_ENABLE_DEBUG_INFO = NO;
				SDKROOT = iphoneos;
				TARGETED_DEVICE_FAMILY = "1,2";
				VALIDATE_PRODUCT = YES;
			};
			name = Release;
		};
		BA0BF5041BDCCEE90020BBF5 /* Debug */ = {
			isa = XCBuildConfiguration;
			buildSettings = {
				ASSETCATALOG_COMPILER_APPICON_NAME = AppIcon;
				INFOPLIST_FILE = ExpandTableViewSample/Info.plist;
				LD_RUNPATH_SEARCH_PATHS = "$(inherited) @executable_path/Frameworks";
				PRODUCT_BUNDLE_IDENTIFIER = red.itvirtuoso.ExpandTableViewSample;
				PRODUCT_NAME = "$(TARGET_NAME)";
			};
			name = Debug;
		};
		BA0BF5051BDCCEE90020BBF5 /* Release */ = {
			isa = XCBuildConfiguration;
			buildSettings = {
				ASSETCATALOG_COMPILER_APPICON_NAME = AppIcon;
				INFOPLIST_FILE = ExpandTableViewSample/Info.plist;
				LD_RUNPATH_SEARCH_PATHS = "$(inherited) @executable_path/Frameworks";
				PRODUCT_BUNDLE_IDENTIFIER = red.itvirtuoso.ExpandTableViewSample;
				PRODUCT_NAME = "$(TARGET_NAME)";
			};
			name = Release;
		};
		BA0BF5071BDCCEE90020BBF5 /* Debug */ = {
			isa = XCBuildConfiguration;
			buildSettings = {
				BUNDLE_LOADER = "$(TEST_HOST)";
				INFOPLIST_FILE = ExpandTableViewSampleTests/Info.plist;
				LD_RUNPATH_SEARCH_PATHS = "$(inherited) @executable_path/Frameworks @loader_path/Frameworks";
				PRODUCT_BUNDLE_IDENTIFIER = red.itvirtuoso.ExpandTableViewSampleTests;
				PRODUCT_NAME = "$(TARGET_NAME)";
				TEST_HOST = "$(BUILT_PRODUCTS_DIR)/ExpandTableViewSample.app/ExpandTableViewSample";
			};
			name = Debug;
		};
		BA0BF5081BDCCEE90020BBF5 /* Release */ = {
			isa = XCBuildConfiguration;
			buildSettings = {
				BUNDLE_LOADER = "$(TEST_HOST)";
				INFOPLIST_FILE = ExpandTableViewSampleTests/Info.plist;
				LD_RUNPATH_SEARCH_PATHS = "$(inherited) @executable_path/Frameworks @loader_path/Frameworks";
				PRODUCT_BUNDLE_IDENTIFIER = red.itvirtuoso.ExpandTableViewSampleTests;
				PRODUCT_NAME = "$(TARGET_NAME)";
				TEST_HOST = "$(BUILT_PRODUCTS_DIR)/ExpandTableViewSample.app/ExpandTableViewSample";
			};
			name = Release;
		};
		BA0BF50A1BDCCEE90020BBF5 /* Debug */ = {
			isa = XCBuildConfiguration;
			buildSettings = {
				INFOPLIST_FILE = ExpandTableViewSampleUITests/Info.plist;
				LD_RUNPATH_SEARCH_PATHS = "$(inherited) @executable_path/Frameworks @loader_path/Frameworks";
				PRODUCT_BUNDLE_IDENTIFIER = red.itvirtuoso.ExpandTableViewSampleUITests;
				PRODUCT_NAME = "$(TARGET_NAME)";
				TEST_TARGET_NAME = ExpandTableViewSample;
				USES_XCTRUNNER = YES;
			};
			name = Debug;
		};
		BA0BF50B1BDCCEE90020BBF5 /* Release */ = {
			isa = XCBuildConfiguration;
			buildSettings = {
				INFOPLIST_FILE = ExpandTableViewSampleUITests/Info.plist;
				LD_RUNPATH_SEARCH_PATHS = "$(inherited) @executable_path/Frameworks @loader_path/Frameworks";
				PRODUCT_BUNDLE_IDENTIFIER = red.itvirtuoso.ExpandTableViewSampleUITests;
				PRODUCT_NAME = "$(TARGET_NAME)";
				TEST_TARGET_NAME = ExpandTableViewSample;
				USES_XCTRUNNER = YES;
			};
			name = Release;
		};
/* End XCBuildConfiguration section */

/* Begin XCConfigurationList section */
		BA0BF4D61BDCCEE80020BBF5 /* Build configuration list for PBXProject "ExpandTableViewSample" */ = {
			isa = XCConfigurationList;
			buildConfigurations = (
				BA0BF5011BDCCEE90020BBF5 /* Debug */,
				BA0BF5021BDCCEE90020BBF5 /* Release */,
			);
			defaultConfigurationIsVisible = 0;
			defaultConfigurationName = Release;
		};
		BA0BF5031BDCCEE90020BBF5 /* Build configuration list for PBXNativeTarget "ExpandTableViewSample" */ = {
			isa = XCConfigurationList;
			buildConfigurations = (
				BA0BF5041BDCCEE90020BBF5 /* Debug */,
				BA0BF5051BDCCEE90020BBF5 /* Release */,
			);
			defaultConfigurationIsVisible = 0;
		};
		BA0BF5061BDCCEE90020BBF5 /* Build configuration list for PBXNativeTarget "ExpandTableViewSampleTests" */ = {
			isa = XCConfigurationList;
			buildConfigurations = (
				BA0BF5071BDCCEE90020BBF5 /* Debug */,
				BA0BF5081BDCCEE90020BBF5 /* Release */,
			);
			defaultConfigurationIsVisible = 0;
		};
		BA0BF5091BDCCEE90020BBF5 /* Build configuration list for PBXNativeTarget "ExpandTableViewSampleUITests" */ = {
			isa = XCConfigurationList;
			buildConfigurations = (
				BA0BF50A1BDCCEE90020BBF5 /* Debug */,
				BA0BF50B1BDCCEE90020BBF5 /* Release */,
			);
			defaultConfigurationIsVisible = 0;
		};
/* End XCConfigurationList section */
	};
	rootObject = BA0BF4D31BDCCEE80020BBF5 /* Project object */;
}
